{
  "name": "electron-react-boilerplate",
  "version": "4.6.0",
  "lockfileVersion": 2,
  "requires": true,
  "packages": {
    "": {
      "name": "electron-react-boilerplate",
      "version": "4.6.0",
      "hasInstallScript": true,
      "license": "MIT",
      "dependencies": {
        "node-pty": "1.0.0"
      }
    },
    "node_modules/nan": {
      "version": "2.24.0",
      "resolved": "https://registry.npmjs.org/nan/-/nan-2.24.0.tgz",
      "integrity": "sha512-Vpf9qnVW1RaDkoNKFUvfxqAbtI8ncb8OJlqZ9wwpXzWPEsvsB1nvdUi6oYrHIkQ1Y/tMDnr1h4nczS0VB9Xykg==",
      "license": "MIT"
    },
    "node_modules/node-pty": {
      "version": "1.0.0",
      "resolved": "https://registry.npmjs.org/node-pty/-/node-pty-1.0.0.tgz",
      "integrity": "sha512-wtBMWWS7dFZm/VgqElrTvtfMq4GzJ6+edFI0Y0zyzygUSZMgZdraDUMUhCIvkjhJjme15qWmbyJbtAx4ot4uZA==",
      "hasInstallScript": true,
      "license": "MIT",
      "dependencies": {
        "nan": "^2.17.0"
      }
    }
  },
  "dependencies": {
    "nan": {
      "version": "2.24.0",
      "resolved": "https://registry.npmjs.org/nan/-/nan-2.24.0.tgz",
      "integrity": "sha512-Vpf9qnVW1RaDkoNKFUvfxqAbtI8ncb8OJlqZ9wwpXzWPEsvsB1nvdUi6oYrHIkQ1Y/tMDnr1h4nczS0VB9Xykg=="
    },
    "node-pty": {
      "version": "1.0.0",
      "resolved": "https://registry.npmjs.org/node-pty/-/node-pty-1.0.0.tgz",
      "integrity": "sha512-wtBMWWS7dFZm/VgqElrTvtfMq4GzJ6+edFI0Y0zyzygUSZMgZdraDUMUhCIvkjhJjme15qWmbyJbtAx4ot4uZA==",
      "requires": {
        "nan": "^2.17.0"
      }
    }
  }
}
